// !$*UTF8*$!
{
	archiveVersion = 1;
	classes = {
	};
	objectVersion = 46;
	objects = {

/* Begin PBXBuildFile section */
		F14B7F831F635A9A0096C365 /* AppDelegate.swift in Sources */ = {isa = PBXBuildFile; fileRef = F14B7F821F635A9A0096C365 /* AppDelegate.swift */; };
		F14B7F881F635A9A0096C365 /* Main.storyboard in Resources */ = {isa = PBXBuildFile; fileRef = F14B7F861F635A9A0096C365 /* Main.storyboard */; };
		F14B7F8A1F635A9A0096C365 /* Assets.xcassets in Resources */ = {isa = PBXBuildFile; fileRef = F14B7F891F635A9A0096C365 /* Assets.xcassets */; };
		F14B7F8D1F635A9A0096C365 /* LaunchScreen.storyboard in Resources */ = {isa = PBXBuildFile; fileRef = F14B7F8B1F635A9A0096C365 /* LaunchScreen.storyboard */; };
		F14B7F991F635EE40096C365 /* RootCoordinator.swift in Sources */ = {isa = PBXBuildFile; fileRef = F14B7F981F635EE40096C365 /* RootCoordinator.swift */; };
		F14B7F9C1F635F3C0096C365 /* Starting.swift in Sources */ = {isa = PBXBuildFile; fileRef = F14B7F9B1F635F3C0096C365 /* Starting.swift */; };
		F14B7F9E1F6360A00096C365 /* Stoppable.swift in Sources */ = {isa = PBXBuildFile; fileRef = F14B7F9D1F6360A00096C365 /* Stoppable.swift */; };
		F14B7FAB1F636A8E0096C365 /* DiscoverWireframe.swift in Sources */ = {isa = PBXBuildFile; fileRef = F14B7FAA1F636A8E0096C365 /* DiscoverWireframe.swift */; };
		F14B7FAD1F636B220096C365 /* ControllerGettable.swift in Sources */ = {isa = PBXBuildFile; fileRef = F14B7FAC1F636B220096C365 /* ControllerGettable.swift */; };
		F14B7FB01F636B670096C365 /* DiscoverViewController.swift in Sources */ = {isa = PBXBuildFile; fileRef = F14B7FAE1F636B670096C365 /* DiscoverViewController.swift */; };
		F14B7FB11F636B670096C365 /* DiscoverViewController.xib in Resources */ = {isa = PBXBuildFile; fileRef = F14B7FAF1F636B670096C365 /* DiscoverViewController.xib */; };
		F14B7FB41F636D9C0096C365 /* UIImage+Extensions.swift in Sources */ = {isa = PBXBuildFile; fileRef = F14B7FB31F636D9C0096C365 /* UIImage+Extensions.swift */; };
/* End PBXBuildFile section */

/* Begin PBXFileReference section */
		F14B7F7F1F635A9A0096C365 /* Swirl.app */ = {isa = PBXFileReference; explicitFileType = wrapper.application; includeInIndex = 0; path = Swirl.app; sourceTree = BUILT_PRODUCTS_DIR; };
		F14B7F821F635A9A0096C365 /* AppDelegate.swift */ = {isa = PBXFileReference; lastKnownFileType = sourcecode.swift; path = AppDelegate.swift; sourceTree = "<group>"; };
		F14B7F871F635A9A0096C365 /* Base */ = {isa = PBXFileReference; lastKnownFileType = file.storyboard; name = Base; path = Base.lproj/Main.storyboard; sourceTree = "<group>"; };
		F14B7F891F635A9A0096C365 /* Assets.xcassets */ = {isa = PBXFileReference; lastKnownFileType = folder.assetcatalog; path = Assets.xcassets; sourceTree = "<group>"; };
		F14B7F8C1F635A9A0096C365 /* Base */ = {isa = PBXFileReference; lastKnownFileType = file.storyboard; name = Base; path = Base.lproj/LaunchScreen.storyboard; sourceTree = "<group>"; };
		F14B7F8E1F635A9A0096C365 /* Info.plist */ = {isa = PBXFileReference; lastKnownFileType = text.plist.xml; path = Info.plist; sourceTree = "<group>"; };
		F14B7F981F635EE40096C365 /* RootCoordinator.swift */ = {isa = PBXFileReference; fileEncoding = 4; lastKnownFileType = sourcecode.swift; name = RootCoordinator.swift; path = Coordinators/RootCoordinator.swift; sourceTree = "<group>"; };
		F14B7F9B1F635F3C0096C365 /* Starting.swift */ = {isa = PBXFileReference; fileEncoding = 4; lastKnownFileType = sourcecode.swift; name = Starting.swift; path = Protocols/Starting.swift; sourceTree = "<group>"; };
		F14B7F9D1F6360A00096C365 /* Stoppable.swift */ = {isa = PBXFileReference; fileEncoding = 4; lastKnownFileType = sourcecode.swift; name = Stoppable.swift; path = Protocols/Stoppable.swift; sourceTree = "<group>"; };
		F14B7FAA1F636A8E0096C365 /* DiscoverWireframe.swift */ = {isa = PBXFileReference; fileEncoding = 4; lastKnownFileType = sourcecode.swift; name = DiscoverWireframe.swift; path = Modules/Discover/DiscoverWireframe.swift; sourceTree = "<group>"; };
		F14B7FAC1F636B220096C365 /* ControllerGettable.swift */ = {isa = PBXFileReference; fileEncoding = 4; lastKnownFileType = sourcecode.swift; name = ControllerGettable.swift; path = Protocols/ControllerGettable.swift; sourceTree = "<group>"; };
		F14B7FAE1F636B670096C365 /* DiscoverViewController.swift */ = {isa = PBXFileReference; fileEncoding = 4; lastKnownFileType = sourcecode.swift; name = DiscoverViewController.swift; path = Modules/Discover/DiscoverViewController.swift; sourceTree = "<group>"; };
		F14B7FAF1F636B670096C365 /* DiscoverViewController.xib */ = {isa = PBXFileReference; fileEncoding = 4; lastKnownFileType = file.xib; name = DiscoverViewController.xib; path = Modules/Discover/DiscoverViewController.xib; sourceTree = "<group>"; };
		F14B7FB31F636D9C0096C365 /* UIImage+Extensions.swift */ = {isa = PBXFileReference; fileEncoding = 4; lastKnownFileType = sourcecode.swift; name = "UIImage+Extensions.swift"; path = "Extensions/UIImage+Extensions.swift"; sourceTree = "<group>"; };
/* End PBXFileReference section */

/* Begin PBXFrameworksBuildPhase section */
		F14B7F7C1F635A9A0096C365 /* Frameworks */ = {
			isa = PBXFrameworksBuildPhase;
			buildActionMask = 2147483647;
			files = (
			);
			runOnlyForDeploymentPostprocessing = 0;
		};
/* End PBXFrameworksBuildPhase section */

/* Begin PBXGroup section */
		F14B7F761F635A990096C365 = {
			isa = PBXGroup;
			children = (
				F14B7F811F635A9A0096C365 /* Swirl */,
				F14B7F801F635A9A0096C365 /* Products */,
			);
			sourceTree = "<group>";
		};
		F14B7F801F635A9A0096C365 /* Products */ = {
			isa = PBXGroup;
			children = (
				F14B7F7F1F635A9A0096C365 /* Swirl.app */,
			);
			name = Products;
			sourceTree = "<group>";
		};
		F14B7F811F635A9A0096C365 /* Swirl */ = {
			isa = PBXGroup;
			children = (
				F14B7F821F635A9A0096C365 /* AppDelegate.swift */,
				F14B7F891F635A9A0096C365 /* Assets.xcassets */,
				F14B7F951F635D0A0096C365 /* Base.lproj */,
				F14B7F961F635E4C0096C365 /* Coordinators */,
				F14B7FB21F636D800096C365 /* Extensions */,
				F14B7F8E1F635A9A0096C365 /* Info.plist */,
				F14B7F9F1F63622D0096C365 /* Modules */,
				F14B7F9A1F635EF10096C365 /* Protocols */,
			);
			path = Swirl;
			sourceTree = "<group>";
		};
		F14B7F951F635D0A0096C365 /* Base.lproj */ = {
			isa = PBXGroup;
			children = (
				F14B7F8B1F635A9A0096C365 /* LaunchScreen.storyboard */,
				F14B7F861F635A9A0096C365 /* Main.storyboard */,
			);
			name = Base.lproj;
			sourceTree = "<group>";
		};
		F14B7F961F635E4C0096C365 /* Coordinators */ = {
			isa = PBXGroup;
			children = (
				F14B7F981F635EE40096C365 /* RootCoordinator.swift */,
			);
			name = Coordinators;
			sourceTree = "<group>";
		};
		F14B7F9A1F635EF10096C365 /* Protocols */ = {
			isa = PBXGroup;
			children = (
				F14B7F9B1F635F3C0096C365 /* Starting.swift */,
				F14B7F9D1F6360A00096C365 /* Stoppable.swift */,
				F14B7FAC1F636B220096C365 /* ControllerGettable.swift */,
			);
			name = Protocols;
			sourceTree = "<group>";
		};
		F14B7F9F1F63622D0096C365 /* Modules */ = {
			isa = PBXGroup;
			children = (
				F14B7FA71F6368D00096C365 /* Create */,
				F14B7FA61F6368C90096C365 /* Curate */,
				F14B7FA51F6368C10096C365 /* Discover */,
				F14B7FA81F6368E10096C365 /* Following */,
				F14B7FA91F6368F30096C365 /* Profile */,
			);
			name = Modules;
			sourceTree = "<group>";
		};
		F14B7FA51F6368C10096C365 /* Discover */ = {
			isa = PBXGroup;
			children = (
				F14B7FAE1F636B670096C365 /* DiscoverViewController.swift */,
				F14B7FAF1F636B670096C365 /* DiscoverViewController.xib */,
				F14B7FAA1F636A8E0096C365 /* DiscoverWireframe.swift */,
			);
			name = Discover;
			sourceTree = "<group>";
		};
		F14B7FA61F6368C90096C365 /* Curate */ = {
			isa = PBXGroup;
			children = (
			);
			name = Curate;
			sourceTree = "<group>";
		};
		F14B7FA71F6368D00096C365 /* Create */ = {
			isa = PBXGroup;
			children = (
			);
			name = Create;
			sourceTree = "<group>";
		};
		F14B7FA81F6368E10096C365 /* Following */ = {
			isa = PBXGroup;
			children = (
			);
			name = Following;
			sourceTree = "<group>";
		};
		F14B7FA91F6368F30096C365 /* Profile */ = {
			isa = PBXGroup;
			children = (
			);
			name = Profile;
			sourceTree = "<group>";
		};
		F14B7FB21F636D800096C365 /* Extensions */ = {
			isa = PBXGroup;
			children = (
				F14B7FB31F636D9C0096C365 /* UIImage+Extensions.swift */,
			);
			name = Extensions;
			sourceTree = "<group>";
		};
/* End PBXGroup section */

/* Begin PBXNativeTarget section */
		F14B7F7E1F635A9A0096C365 /* Swirl */ = {
			isa = PBXNativeTarget;
			buildConfigurationList = F14B7F911F635A9A0096C365 /* Build configuration list for PBXNativeTarget "Swirl" */;
			buildPhases = (
				F14B7F7B1F635A9A0096C365 /* Sources */,
				F14B7F7C1F635A9A0096C365 /* Frameworks */,
				F14B7F7D1F635A9A0096C365 /* Resources */,
				F14B7F941F635C6D0096C365 /* ShellScript */,
			);
			buildRules = (
			);
			dependencies = (
			);
			name = Swirl;
			productName = Swirl;
			productReference = F14B7F7F1F635A9A0096C365 /* Swirl.app */;
			productType = "com.apple.product-type.application";
		};
/* End PBXNativeTarget section */

/* Begin PBXProject section */
		F14B7F771F635A990096C365 /* Project object */ = {
			isa = PBXProject;
			attributes = {
				LastSwiftUpdateCheck = 0830;
				LastUpgradeCheck = 0830;
				ORGANIZATIONNAME = "Stefanovic Ventures";
				TargetAttributes = {
					F14B7F7E1F635A9A0096C365 = {
						CreatedOnToolsVersion = 8.3.3;
						DevelopmentTeam = K8JFVKN675;
						ProvisioningStyle = Automatic;
					};
				};
			};
			buildConfigurationList = F14B7F7A1F635A990096C365 /* Build configuration list for PBXProject "Swirl" */;
			compatibilityVersion = "Xcode 3.2";
			developmentRegion = English;
			hasScannedForEncodings = 0;
			knownRegions = (
				en,
				Base,
			);
			mainGroup = F14B7F761F635A990096C365;
			productRefGroup = F14B7F801F635A9A0096C365 /* Products */;
			projectDirPath = "";
			projectRoot = "";
			targets = (
				F14B7F7E1F635A9A0096C365 /* Swirl */,
			);
		};
/* End PBXProject section */

/* Begin PBXResourcesBuildPhase section */
		F14B7F7D1F635A9A0096C365 /* Resources */ = {
			isa = PBXResourcesBuildPhase;
			buildActionMask = 2147483647;
			files = (
				F14B7F8D1F635A9A0096C365 /* LaunchScreen.storyboard in Resources */,
				F14B7FB11F636B670096C365 /* DiscoverViewController.xib in Resources */,
				F14B7F8A1F635A9A0096C365 /* Assets.xcassets in Resources */,
				F14B7F881F635A9A0096C365 /* Main.storyboard in Resources */,
			);
			runOnlyForDeploymentPostprocessing = 0;
		};
/* End PBXResourcesBuildPhase section */

/* Begin PBXShellScriptBuildPhase section */
		F14B7F941F635C6D0096C365 /* ShellScript */ = {
			isa = PBXShellScriptBuildPhase;
			buildActionMask = 2147483647;
			files = (
			);
			inputPaths = (
			);
			outputPaths = (
			);
			runOnlyForDeploymentPostprocessing = 0;
			shellPath = /bin/sh;
			shellScript = "if which swiftlint >/dev/null; then\n    swiftlint\nelse\n    echo \"warning: SwiftLint not installed, download from https://github.com/realm/SwiftLint\"\nfi";
		};
/* End PBXShellScriptBuildPhase section */

/* Begin PBXSourcesBuildPhase section */
		F14B7F7B1F635A9A0096C365 /* Sources */ = {
			isa = PBXSourcesBuildPhase;
			buildActionMask = 2147483647;
			files = (
				F14B7F9E1F6360A00096C365 /* Stoppable.swift in Sources */,
				F14B7F991F635EE40096C365 /* RootCoordinator.swift in Sources */,
				F14B7FB01F636B670096C365 /* DiscoverViewController.swift in Sources */,
				F14B7F9C1F635F3C0096C365 /* Starting.swift in Sources */,
				F14B7FAB1F636A8E0096C365 /* DiscoverWireframe.swift in Sources */,
				F14B7F831F635A9A0096C365 /* AppDelegate.swift in Sources */,
				F14B7FAD1F636B220096C365 /* ControllerGettable.swift in Sources */,
				F14B7FB41F636D9C0096C365 /* UIImage+Extensions.swift in Sources */,
			);
			runOnlyForDeploymentPostprocessing = 0;
		};
/* End PBXSourcesBuildPhase section */

/* Begin PBXVariantGroup section */
		F14B7F861F635A9A0096C365 /* Main.storyboard */ = {
			isa = PBXVariantGroup;
			children = (
				F14B7F871F635A9A0096C365 /* Base */,
			);
			name = Main.storyboard;
			sourceTree = "<group>";
		};
		F14B7F8B1F635A9A0096C365 /* LaunchScreen.storyboard */ = {
			isa = PBXVariantGroup;
			children = (
				F14B7F8C1F635A9A0096C365 /* Base */,
			);
			name = LaunchScreen.storyboard;
			sourceTree = "<group>";
		};
/* End PBXVariantGroup section */

/* Begin XCBuildConfiguration section */
		F14B7F8F1F635A9A0096C365 /* Debug */ = {
			isa = XCBuildConfiguration;
			buildSettings = {
				ALWAYS_SEARCH_USER_PATHS = NO;
				CLANG_ANALYZER_NONNULL = YES;
				CLANG_ANALYZER_NUMBER_OBJECT_CONVERSION = YES_AGGRESSIVE;
				CLANG_CXX_LANGUAGE_STANDARD = "gnu++0x";
				CLANG_CXX_LIBRARY = "libc++";
				CLANG_ENABLE_MODULES = YES;
				CLANG_ENABLE_OBJC_ARC = YES;
				CLANG_WARN_BOOL_CONVERSION = YES;
				CLANG_WARN_CONSTANT_CONVERSION = YES;
				CLANG_WARN_DIRECT_OBJC_ISA_USAGE = YES_ERROR;
				CLANG_WARN_DOCUMENTATION_COMMENTS = YES;
				CLANG_WARN_EMPTY_BODY = YES;
				CLANG_WARN_ENUM_CONVERSION = YES;
				CLANG_WARN_INFINITE_RECURSION = YES;
				CLANG_WARN_INT_CONVERSION = YES;
				CLANG_WARN_OBJC_ROOT_CLASS = YES_ERROR;
				CLANG_WARN_SUSPICIOUS_MOVE = YES;
				CLANG_WARN_UNREACHABLE_CODE = YES;
				CLANG_WARN__DUPLICATE_METHOD_MATCH = YES;
				"CODE_SIGN_IDENTITY[sdk=iphoneos*]" = "iPhone Developer";
				COPY_PHASE_STRIP = NO;
				DEBUG_INFORMATION_FORMAT = dwarf;
				ENABLE_STRICT_OBJC_MSGSEND = YES;
				ENABLE_TESTABILITY = YES;
				GCC_C_LANGUAGE_STANDARD = gnu99;
				GCC_DYNAMIC_NO_PIC = NO;
				GCC_NO_COMMON_BLOCKS = YES;
				GCC_OPTIMIZATION_LEVEL = 0;
				GCC_PREPROCESSOR_DEFINITIONS = (
					"DEBUG=1",
					"$(inherited)",
				);
				GCC_WARN_64_TO_32_BIT_CONVERSION = YES;
				GCC_WARN_ABOUT_RETURN_TYPE = YES_ERROR;
				GCC_WARN_UNDECLARED_SELECTOR = YES;
				GCC_WARN_UNINITIALIZED_AUTOS = YES_AGGRESSIVE;
				GCC_WARN_UNUSED_FUNCTION = YES;
				GCC_WARN_UNUSED_VARIABLE = YES;
				IPHONEOS_DEPLOYMENT_TARGET = 10.3;
				MTL_ENABLE_DEBUG_INFO = YES;
				ONLY_ACTIVE_ARCH = YES;
				SDKROOT = iphoneos;
				SWIFT_ACTIVE_COMPILATION_CONDITIONS = DEBUG;
				SWIFT_OPTIMIZATION_LEVEL = "-Onone";
				TARGETED_DEVICE_FAMILY = "1,2";
			};
			name = Debug;
		};
		F14B7F901F635A9A0096C365 /* Release */ = {
			isa = XCBuildConfiguration;
			buildSettings = {
				ALWAYS_SEARCH_USER_PATHS = NO;
				CLANG_ANALYZER_NONNULL = YES;
				CLANG_ANALYZER_NUMBER_OBJECT_CONVERSION = YES_AGGRESSIVE;
				CLANG_CXX_LANGUAGE_STANDARD = "gnu++0x";
				CLANG_CXX_LIBRARY = "libc++";
				CLANG_ENABLE_MODULES = YES;
				CLANG_ENABLE_OBJC_ARC = YES;
				CLANG_WARN_BOOL_CONVERSION = YES;
				CLANG_WARN_CONSTANT_CONVERSION = YES;
				CLANG_WARN_DIRECT_OBJC_ISA_USAGE = YES_ERROR;
				CLANG_WARN_DOCUMENTATION_COMMENTS = YES;
				CLANG_WARN_EMPTY_BODY = YES;
				CLANG_WARN_ENUM_CONVERSION = YES;
				CLANG_WARN_INFINITE_RECURSION = YES;
				CLANG_WARN_INT_CONVERSION = YES;
				CLANG_WARN_OBJC_ROOT_CLASS = YES_ERROR;
				CLANG_WARN_SUSPICIOUS_MOVE = YES;
				CLANG_WARN_UNREACHABLE_CODE = YES;
				CLANG_WARN__DUPLICATE_METHOD_MATCH = YES;
				"CODE_SIGN_IDENTITY[sdk=iphoneos*]" = "iPhone Developer";
				COPY_PHASE_STRIP = NO;
				DEBUG_INFORMATION_FORMAT = "dwarf-with-dsym";
				ENABLE_NS_ASSERTIONS = NO;
				ENABLE_STRICT_OBJC_MSGSEND = YES;
				GCC_C_LANGUAGE_STANDARD = gnu99;
				GCC_NO_COMMON_BLOCKS = YES;
				GCC_WARN_64_TO_32_BIT_CONVERSION = YES;
				GCC_WARN_ABOUT_RETURN_TYPE = YES_ERROR;
				GCC_WARN_UNDECLARED_SELECTOR = YES;
				GCC_WARN_UNINITIALIZED_AUTOS = YES_AGGRESSIVE;
				GCC_WARN_UNUSED_FUNCTION = YES;
				GCC_WARN_UNUSED_VARIABLE = YES;
				IPHONEOS_DEPLOYMENT_TARGET = 10.3;
				MTL_ENABLE_DEBUG_INFO = NO;
				SDKROOT = iphoneos;
				SWIFT_OPTIMIZATION_LEVEL = "-Owholemodule";
				TARGETED_DEVICE_FAMILY = "1,2";
				VALIDATE_PRODUCT = YES;
			};
			name = Release;
		};
		F14B7F921F635A9A0096C365 /* Debug */ = {
			isa = XCBuildConfiguration;
			buildSettings = {
				ASSETCATALOG_COMPILER_APPICON_NAME = AppIcon;
				DEVELOPMENT_TEAM = K8JFVKN675;
				INFOPLIST_FILE = Swirl/Info.plist;
				LD_RUNPATH_SEARCH_PATHS = "$(inherited) @executable_path/Frameworks";
				PRODUCT_BUNDLE_IDENTIFIER = xyz.bojan.Swirl;
				PRODUCT_NAME = "$(TARGET_NAME)";
				SWIFT_VERSION = 3.0;
			};
			name = Debug;
		};
		F14B7F931F635A9A0096C365 /* Release */ = {
			isa = XCBuildConfiguration;
			buildSettings = {
				ASSETCATALOG_COMPILER_APPICON_NAME = AppIcon;
				DEVELOPMENT_TEAM = K8JFVKN675;
				INFOPLIST_FILE = Swirl/Info.plist;
				LD_RUNPATH_SEARCH_PATHS = "$(inherited) @executable_path/Frameworks";
				PRODUCT_BUNDLE_IDENTIFIER = xyz.bojan.Swirl;
				PRODUCT_NAME = "$(TARGET_NAME)";
				SWIFT_VERSION = 3.0;
			};
			name = Release;
		};
/* End XCBuildConfiguration section */

/* Begin XCConfigurationList section */
		F14B7F7A1F635A990096C365 /* Build configuration list for PBXProject "Swirl" */ = {
			isa = XCConfigurationList;
			buildConfigurations = (
				F14B7F8F1F635A9A0096C365 /* Debug */,
				F14B7F901F635A9A0096C365 /* Release */,
			);
			defaultConfigurationIsVisible = 0;
			defaultConfigurationName = Release;
		};
		F14B7F911F635A9A0096C365 /* Build configuration list for PBXNativeTarget "Swirl" */ = {
			isa = XCConfigurationList;
			buildConfigurations = (
				F14B7F921F635A9A0096C365 /* Debug */,
				F14B7F931F635A9A0096C365 /* Release */,
			);
			defaultConfigurationIsVisible = 0;
		};
/* End XCConfigurationList section */
	};
	rootObject = F14B7F771F635A990096C365 /* Project object */;
}
